
Microsoft Visual Studio Solution File, Format Version 12.00
# Visual Studio Version 17
VisualStudioVersion = 17.6.33508.377
MinimumVisualStudioVersion = 10.0.40219.1
Project("{6EC3EE1D-3C4E-46DD-8F32-0CC8E7565705}") = "SeqToArrayBenchmark", "SeqToArrayBenchmark.fsproj", "{B3AD7BC6-7979-40E6-9F1E-5E1753702A0C}"
EndProject
Global
	GlobalSection(SolutionConfigurationPlatforms) = preSolution
		Debug|Any CPU = Debug|Any CPU
		Release|Any CPU = Release|Any CPU
	EndGlobalSection
	GlobalSection(ProjectConfigurationPlatforms) = postSolution
		{B3AD7BC6-7979-40E6-9F1E-5E1753702A0C}.Debug|Any CPU.ActiveCfg = Debug|Any CPU
		{B3AD7BC6-7979-40E6-9F1E-5E1753702A0C}.Debug|Any CPU.Build.0 = Debug|Any CPU
		{B3AD7BC6-7979-40E6-9F1E-5E1753702A0C}.Release|Any CPU.ActiveCfg = Release|Any CPU
		{B3AD7BC6-7979-40E6-9F1E-5E1753702A0C}.Release|Any CPU.Build.0 = Release|Any CPU
	EndGlobalSection
	GlobalSection(SolutionProperties) = preSolution
		HideSolutionNode = FALSE
	EndGlobalSection
	GlobalSection(ExtensibilityGlobals) = postSolution
		SolutionGuid = {5F07BBA8-06A3-49EA-9FBF-CAB7F1BE96D7}
	EndGlobalSection
EndGlobal
